
Microsoft Visual Studio Solution File, Format Version 12.00
# Visual Studio Version 17
VisualStudioVersion = 17.14.36511.14
MinimumVisualStudioVersion = 10.0.40219.1
Project("{FAE04EC0-301F-11D3-BF4B-00C04F79EFBC}") = "EvergreenNotes", "EvergreenNotes\EvergreenNotes.csproj", "{95DE6658-F121-4A11-A986-531FA5CCCB83}"
EndProject
Project("{FAE04EC0-301F-11D3-BF4B-00C04F79EFBC}") = "EvergreenNotes.Application", "EvergreenNotes.Application\EvergreenNotes.Application.csproj", "{BDF87897-C0A9-4FB0-A871-1B8E59FF40AB}"
EndProject
Project("{FAE04EC0-301F-11D3-BF4B-00C04F79EFBC}") = "EvergreenNotes.Domain", "EvergreenNotes.Domain\EvergreenNotes.Domain.csproj", "{AD7DC449-FC0E-4ABC-B914-3F214EB1119A}"
EndProject
Project("{FAE04EC0-301F-11D3-BF4B-00C04F79EFBC}") = "EvergreenNotes.Infrastructure", "EvergreenNotes.Infrastructure\EvergreenNotes.Infrastructure.csproj", "{78B869D3-7E26-4EC4-B363-9881B6BCC497}"
EndProject
Project("{FAE04EC0-301F-11D3-BF4B-00C04F79EFBC}") = "EvergreenNotes.Tests", "EvergreenNotes.Tests\EvergreenNotes.Tests.csproj", "{503F4358-ACCE-4D2B-B68C-A3F1053175B6}"
EndProject
Project("{FAE04EC0-301F-11D3-BF4B-00C04F79EFBC}") = "EvergreenNotes.Helpers", "EvergreenNotes.Helpers\EvergreenNotes.Helpers.csproj", "{C3012E5B-C67F-4976-A7ED-14718A40BB1F}"
EndProject
Global
	GlobalSection(SolutionConfigurationPlatforms) = preSolution
		Debug|Any CPU = Debug|Any CPU
		Release|Any CPU = Release|Any CPU
	EndGlobalSection
	GlobalSection(ProjectConfigurationPlatforms) = postSolution
		{95DE6658-F121-4A11-A986-531FA5CCCB83}.Debug|Any CPU.ActiveCfg = Debug|Any CPU
		{95DE6658-F121-4A11-A986-531FA5CCCB83}.Debug|Any CPU.Build.0 = Debug|Any CPU
		{95DE6658-F121-4A11-A986-531FA5CCCB83}.Release|Any CPU.ActiveCfg = Release|Any CPU
		{95DE6658-F121-4A11-A986-531FA5CCCB83}.Release|Any CPU.Build.0 = Release|Any CPU
		{BDF87897-C0A9-4FB0-A871-1B8E59FF40AB}.Debug|Any CPU.ActiveCfg = Debug|Any CPU
		{BDF87897-C0A9-4FB0-A871-1B8E59FF40AB}.Debug|Any CPU.Build.0 = Debug|Any CPU
		{BDF87897-C0A9-4FB0-A871-1B8E59FF40AB}.Release|Any CPU.ActiveCfg = Release|Any CPU
		{BDF87897-C0A9-4FB0-A871-1B8E59FF40AB}.Release|Any CPU.Build.0 = Release|Any CPU
		{AD7DC449-FC0E-4ABC-B914-3F214EB1119A}.Debug|Any CPU.ActiveCfg = Debug|Any CPU
		{AD7DC449-FC0E-4ABC-B914-3F214EB1119A}.Debug|Any CPU.Build.0 = Debug|Any CPU
		{AD7DC449-FC0E-4ABC-B914-3F214EB1119A}.Release|Any CPU.ActiveCfg = Release|Any CPU
		{AD7DC449-FC0E-4ABC-B914-3F214EB1119A}.Release|Any CPU.Build.0 = Release|Any CPU
		{78B869D3-7E26-4EC4-B363-9881B6BCC497}.Debug|Any CPU.ActiveCfg = Debug|Any CPU
		{78B869D3-7E26-4EC4-B363-9881B6BCC497}.Debug|Any CPU.Build.0 = Debug|Any CPU
		{78B869D3-7E26-4EC4-B363-9881B6BCC497}.Release|Any CPU.ActiveCfg = Release|Any CPU
		{78B869D3-7E26-4EC4-B363-9881B6BCC497}.Release|Any CPU.Build.0 = Release|Any CPU
		{503F4358-ACCE-4D2B-B68C-A3F1053175B6}.Debug|Any CPU.ActiveCfg = Debug|Any CPU
		{503F4358-ACCE-4D2B-B68C-A3F1053175B6}.Debug|Any CPU.Build.0 = Debug|Any CPU
		{503F4358-ACCE-4D2B-B68C-A3F1053175B6}.Release|Any CPU.ActiveCfg = Release|Any CPU
		{503F4358-ACCE-4D2B-B68C-A3F1053175B6}.Release|Any CPU.Build.0 = Release|Any CPU
		{C3012E5B-C67F-4976-A7ED-14718A40BB1F}.Debug|Any CPU.ActiveCfg = Debug|Any CPU
		{C3012E5B-C67F-4976-A7ED-14718A40BB1F}.Debug|Any CPU.Build.0 = Debug|Any CPU
		{C3012E5B-C67F-4976-A7ED-14718A40BB1F}.Release|Any CPU.ActiveCfg = Release|Any CPU
		{C3012E5B-C67F-4976-A7ED-14718A40BB1F}.Release|Any CPU.Build.0 = Release|Any CPU
	EndGlobalSection
	GlobalSection(SolutionProperties) = preSolution
		HideSolutionNode = FALSE
	EndGlobalSection
	GlobalSection(ExtensibilityGlobals) = postSolution
		SolutionGuid = {E7BB7D35-F1B0-43D3-B714-B2C90D28AB01}
	EndGlobalSection
EndGlobal
